
Microsoft Visual Studio Solution File, Format Version 11.00
# Visual C# Express 2010
Project("{FAE04EC0-301F-11D3-BF4B-00C04F79EFBC}") = "Einfall.Editor.CodeEdit", "Einfall.Editor\Einfall.Editor.CodeEdit.csproj", "{9A290237-815C-4AD0-9BB2-B660D90DA7F7}"
EndProject
Project("{FAE04EC0-301F-11D3-BF4B-00C04F79EFBC}") = "MonMon", "CodeEditTest\MonMon.csproj", "{F8894840-950A-4C5C-9739-CEFCFC3B49F1}"
EndProject
Global
	GlobalSection(SolutionConfigurationPlatforms) = preSolution
		Debug|Any CPU = Debug|Any CPU
		Debug|x86 = Debug|x86
		Release|Any CPU = Release|Any CPU
		Release|x86 = Release|x86
	EndGlobalSection
	GlobalSection(ProjectConfigurationPlatforms) = postSolution
		{9A290237-815C-4AD0-9BB2-B660D90DA7F7}.Debug|Any CPU.ActiveCfg = Debug|Any CPU
		{9A290237-815C-4AD0-9BB2-B660D90DA7F7}.Debug|Any CPU.Build.0 = Debug|Any CPU
		{9A290237-815C-4AD0-9BB2-B660D90DA7F7}.Debug|x86.ActiveCfg = Debug|Any CPU
		{9A290237-815C-4AD0-9BB2-B660D90DA7F7}.Debug|x86.Build.0 = Debug|Any CPU
		{9A290237-815C-4AD0-9BB2-B660D90DA7F7}.Release|Any CPU.ActiveCfg = Release|Any CPU
		{9A290237-815C-4AD0-9BB2-B660D90DA7F7}.Release|Any CPU.Build.0 = Release|Any CPU
		{9A290237-815C-4AD0-9BB2-B660D90DA7F7}.Release|x86.ActiveCfg = Release|Any CPU
		{F8894840-950A-4C5C-9739-CEFCFC3B49F1}.Debug|Any CPU.ActiveCfg = Debug|Any CPU
		{F8894840-950A-4C5C-9739-CEFCFC3B49F1}.Debug|Any CPU.Build.0 = Debug|Any CPU
		{F8894840-950A-4C5C-9739-CEFCFC3B49F1}.Debug|x86.ActiveCfg = Debug|x86
		{F8894840-950A-4C5C-9739-CEFCFC3B49F1}.Debug|x86.Build.0 = Debug|x86
		{F8894840-950A-4C5C-9739-CEFCFC3B49F1}.Release|Any CPU.ActiveCfg = Release|Any CPU
		{F8894840-950A-4C5C-9739-CEFCFC3B49F1}.Release|Any CPU.Build.0 = Release|Any CPU
		{F8894840-950A-4C5C-9739-CEFCFC3B49F1}.Release|x86.ActiveCfg = Release|x86
		{F8894840-950A-4C5C-9739-CEFCFC3B49F1}.Release|x86.Build.0 = Release|x86
	EndGlobalSection
	GlobalSection(SolutionProperties) = preSolution
		HideSolutionNode = FALSE
	EndGlobalSection
EndGlobal
